{
  "name": "gcpctx",
  "version": "0.2.1",
  "lockfileVersion": 3,
  "requires": true,
  "packages": {
    "": {
      "name": "gcpctx",
      "version": "0.2.1",
      "license": "UNLICENSED",
      "os": [
        "darwin",
        "linux"
      ],
      "bin": {
        "gcpctx": "bin/gcpctx"
      },
      "engines": {
        "node": ">=18"
      }
    }
  }
}
